
Microsoft Visual Studio Solution File, Format Version 12.00
Project("{FAE04EC0-301F-11D3-BF4B-00C04F79EFBC}") = "Variables", "Variables\Variables.csproj", "{32B1DF6D-C7E2-469C-B352-655A58B3517B}"
EndProject
Project("{FAE04EC0-301F-11D3-BF4B-00C04F79EFBC}") = "TipoDeDatos", "TipoDeDatos\TipoDeDatos.csproj", "{BBDEE0E3-62B9-4CCA-B461-E05CC96E4007}"
EndProject
Project("{FAE04EC0-301F-11D3-BF4B-00C04F79EFBC}") = "Funciones", "Funciones\Funciones.csproj", "{1F033999-8EDC-4FE0-A4F2-6195BFB67A22}"
EndProject
Project("{FAE04EC0-301F-11D3-BF4B-00C04F79EFBC}") = "SentenciaIfElseIf", "SentenciaIfElseIf\SentenciaIfElseIf.csproj", "{18642DB7-BFE5-4DC9-8930-BD7C27BA44D9}"
EndProject
Project("{FAE04EC0-301F-11D3-BF4B-00C04F79EFBC}") = "SwitchCase", "SwitchCase\SwitchCase.csproj", "{B048F3D4-8A6B-40F5-9360-2B0F1027A40A}"
EndProject
Project("{FAE04EC0-301F-11D3-BF4B-00C04F79EFBC}") = "Arreglos", "Arreglos\Arreglos.csproj", "{E0233B60-9A15-486D-9EA6-19C2660D40ED}"
EndProject
Project("{FAE04EC0-301F-11D3-BF4B-00C04F79EFBC}") = "While", "While\While.csproj", "{D32BC749-3969-4C7E-B751-05C177241B34}"
EndProject
Global
	GlobalSection(SolutionConfigurationPlatforms) = preSolution
		Debug|Any CPU = Debug|Any CPU
		Debug|x64 = Debug|x64
		Debug|x86 = Debug|x86
		Release|Any CPU = Release|Any CPU
		Release|x64 = Release|x64
		Release|x86 = Release|x86
	EndGlobalSection
	GlobalSection(ProjectConfigurationPlatforms) = postSolution
		{32B1DF6D-C7E2-469C-B352-655A58B3517B}.Debug|Any CPU.ActiveCfg = Debug|Any CPU
		{32B1DF6D-C7E2-469C-B352-655A58B3517B}.Debug|Any CPU.Build.0 = Debug|Any CPU
		{32B1DF6D-C7E2-469C-B352-655A58B3517B}.Debug|x64.ActiveCfg = Debug|Any CPU
		{32B1DF6D-C7E2-469C-B352-655A58B3517B}.Debug|x64.Build.0 = Debug|Any CPU
		{32B1DF6D-C7E2-469C-B352-655A58B3517B}.Debug|x86.ActiveCfg = Debug|Any CPU
		{32B1DF6D-C7E2-469C-B352-655A58B3517B}.Debug|x86.Build.0 = Debug|Any CPU
		{32B1DF6D-C7E2-469C-B352-655A58B3517B}.Release|Any CPU.ActiveCfg = Release|Any CPU
		{32B1DF6D-C7E2-469C-B352-655A58B3517B}.Release|Any CPU.Build.0 = Release|Any CPU
		{32B1DF6D-C7E2-469C-B352-655A58B3517B}.Release|x64.ActiveCfg = Release|Any CPU
		{32B1DF6D-C7E2-469C-B352-655A58B3517B}.Release|x64.Build.0 = Release|Any CPU
		{32B1DF6D-C7E2-469C-B352-655A58B3517B}.Release|x86.ActiveCfg = Release|Any CPU
		{32B1DF6D-C7E2-469C-B352-655A58B3517B}.Release|x86.Build.0 = Release|Any CPU
		{BBDEE0E3-62B9-4CCA-B461-E05CC96E4007}.Debug|Any CPU.ActiveCfg = Debug|Any CPU
		{BBDEE0E3-62B9-4CCA-B461-E05CC96E4007}.Debug|Any CPU.Build.0 = Debug|Any CPU
		{BBDEE0E3-62B9-4CCA-B461-E05CC96E4007}.Debug|x64.ActiveCfg = Debug|Any CPU
		{BBDEE0E3-62B9-4CCA-B461-E05CC96E4007}.Debug|x64.Build.0 = Debug|Any CPU
		{BBDEE0E3-62B9-4CCA-B461-E05CC96E4007}.Debug|x86.ActiveCfg = Debug|Any CPU
		{BBDEE0E3-62B9-4CCA-B461-E05CC96E4007}.Debug|x86.Build.0 = Debug|Any CPU
		{BBDEE0E3-62B9-4CCA-B461-E05CC96E4007}.Release|Any CPU.ActiveCfg = Release|Any CPU
		{BBDEE0E3-62B9-4CCA-B461-E05CC96E4007}.Release|Any CPU.Build.0 = Release|Any CPU
		{BBDEE0E3-62B9-4CCA-B461-E05CC96E4007}.Release|x64.ActiveCfg = Release|Any CPU
		{BBDEE0E3-62B9-4CCA-B461-E05CC96E4007}.Release|x64.Build.0 = Release|Any CPU
		{BBDEE0E3-62B9-4CCA-B461-E05CC96E4007}.Release|x86.ActiveCfg = Release|Any CPU
		{BBDEE0E3-62B9-4CCA-B461-E05CC96E4007}.Release|x86.Build.0 = Release|Any CPU
		{1F033999-8EDC-4FE0-A4F2-6195BFB67A22}.Debug|Any CPU.ActiveCfg = Debug|Any CPU
		{1F033999-8EDC-4FE0-A4F2-6195BFB67A22}.Debug|Any CPU.Build.0 = Debug|Any CPU
		{1F033999-8EDC-4FE0-A4F2-6195BFB67A22}.Debug|x64.ActiveCfg = Debug|Any CPU
		{1F033999-8EDC-4FE0-A4F2-6195BFB67A22}.Debug|x64.Build.0 = Debug|Any CPU
		{1F033999-8EDC-4FE0-A4F2-6195BFB67A22}.Debug|x86.ActiveCfg = Debug|Any CPU
		{1F033999-8EDC-4FE0-A4F2-6195BFB67A22}.Debug|x86.Build.0 = Debug|Any CPU
		{1F033999-8EDC-4FE0-A4F2-6195BFB67A22}.Release|Any CPU.ActiveCfg = Release|Any CPU
		{1F033999-8EDC-4FE0-A4F2-6195BFB67A22}.Release|Any CPU.Build.0 = Release|Any CPU
		{1F033999-8EDC-4FE0-A4F2-6195BFB67A22}.Release|x64.ActiveCfg = Release|Any CPU
		{1F033999-8EDC-4FE0-A4F2-6195BFB67A22}.Release|x64.Build.0 = Release|Any CPU
		{1F033999-8EDC-4FE0-A4F2-6195BFB67A22}.Release|x86.ActiveCfg = Release|Any CPU
		{1F033999-8EDC-4FE0-A4F2-6195BFB67A22}.Release|x86.Build.0 = Release|Any CPU
		{18642DB7-BFE5-4DC9-8930-BD7C27BA44D9}.Debug|Any CPU.ActiveCfg = Debug|Any CPU
		{18642DB7-BFE5-4DC9-8930-BD7C27BA44D9}.Debug|Any CPU.Build.0 = Debug|Any CPU
		{18642DB7-BFE5-4DC9-8930-BD7C27BA44D9}.Debug|x64.ActiveCfg = Debug|Any CPU
		{18642DB7-BFE5-4DC9-8930-BD7C27BA44D9}.Debug|x64.Build.0 = Debug|Any CPU
		{18642DB7-BFE5-4DC9-8930-BD7C27BA44D9}.Debug|x86.ActiveCfg = Debug|Any CPU
		{18642DB7-BFE5-4DC9-8930-BD7C27BA44D9}.Debug|x86.Build.0 = Debug|Any CPU
		{18642DB7-BFE5-4DC9-8930-BD7C27BA44D9}.Release|Any CPU.ActiveCfg = Release|Any CPU
		{18642DB7-BFE5-4DC9-8930-BD7C27BA44D9}.Release|Any CPU.Build.0 = Release|Any CPU
		{18642DB7-BFE5-4DC9-8930-BD7C27BA44D9}.Release|x64.ActiveCfg = Release|Any CPU
		{18642DB7-BFE5-4DC9-8930-BD7C27BA44D9}.Release|x64.Build.0 = Release|Any CPU
		{18642DB7-BFE5-4DC9-8930-BD7C27BA44D9}.Release|x86.ActiveCfg = Release|Any CPU
		{18642DB7-BFE5-4DC9-8930-BD7C27BA44D9}.Release|x86.Build.0 = Release|Any CPU
		{B048F3D4-8A6B-40F5-9360-2B0F1027A40A}.Debug|Any CPU.ActiveCfg = Debug|Any CPU
		{B048F3D4-8A6B-40F5-9360-2B0F1027A40A}.Debug|Any CPU.Build.0 = Debug|Any CPU
		{B048F3D4-8A6B-40F5-9360-2B0F1027A40A}.Debug|x64.ActiveCfg = Debug|Any CPU
		{B048F3D4-8A6B-40F5-9360-2B0F1027A40A}.Debug|x64.Build.0 = Debug|Any CPU
		{B048F3D4-8A6B-40F5-9360-2B0F1027A40A}.Debug|x86.ActiveCfg = Debug|Any CPU
		{B048F3D4-8A6B-40F5-9360-2B0F1027A40A}.Debug|x86.Build.0 = Debug|Any CPU
		{B048F3D4-8A6B-40F5-9360-2B0F1027A40A}.Release|Any CPU.ActiveCfg = Release|Any CPU
		{B048F3D4-8A6B-40F5-9360-2B0F1027A40A}.Release|Any CPU.Build.0 = Release|Any CPU
		{B048F3D4-8A6B-40F5-9360-2B0F1027A40A}.Release|x64.ActiveCfg = Release|Any CPU
		{B048F3D4-8A6B-40F5-9360-2B0F1027A40A}.Release|x64.Build.0 = Release|Any CPU
		{B048F3D4-8A6B-40F5-9360-2B0F1027A40A}.Release|x86.ActiveCfg = Release|Any CPU
		{B048F3D4-8A6B-40F5-9360-2B0F1027A40A}.Release|x86.Build.0 = Release|Any CPU
		{E0233B60-9A15-486D-9EA6-19C2660D40ED}.Debug|Any CPU.ActiveCfg = Debug|Any CPU
		{E0233B60-9A15-486D-9EA6-19C2660D40ED}.Debug|Any CPU.Build.0 = Debug|Any CPU
		{E0233B60-9A15-486D-9EA6-19C2660D40ED}.Debug|x64.ActiveCfg = Debug|Any CPU
		{E0233B60-9A15-486D-9EA6-19C2660D40ED}.Debug|x64.Build.0 = Debug|Any CPU
		{E0233B60-9A15-486D-9EA6-19C2660D40ED}.Debug|x86.ActiveCfg = Debug|Any CPU
		{E0233B60-9A15-486D-9EA6-19C2660D40ED}.Debug|x86.Build.0 = Debug|Any CPU
		{E0233B60-9A15-486D-9EA6-19C2660D40ED}.Release|Any CPU.ActiveCfg = Release|Any CPU
		{E0233B60-9A15-486D-9EA6-19C2660D40ED}.Release|Any CPU.Build.0 = Release|Any CPU
		{E0233B60-9A15-486D-9EA6-19C2660D40ED}.Release|x64.ActiveCfg = Release|Any CPU
		{E0233B60-9A15-486D-9EA6-19C2660D40ED}.Release|x64.Build.0 = Release|Any CPU
		{E0233B60-9A15-486D-9EA6-19C2660D40ED}.Release|x86.ActiveCfg = Release|Any CPU
		{E0233B60-9A15-486D-9EA6-19C2660D40ED}.Release|x86.Build.0 = Release|Any CPU
		{D32BC749-3969-4C7E-B751-05C177241B34}.Debug|Any CPU.ActiveCfg = Debug|Any CPU
		{D32BC749-3969-4C7E-B751-05C177241B34}.Debug|Any CPU.Build.0 = Debug|Any CPU
		{D32BC749-3969-4C7E-B751-05C177241B34}.Debug|x64.ActiveCfg = Debug|Any CPU
		{D32BC749-3969-4C7E-B751-05C177241B34}.Debug|x64.Build.0 = Debug|Any CPU
		{D32BC749-3969-4C7E-B751-05C177241B34}.Debug|x86.ActiveCfg = Debug|Any CPU
		{D32BC749-3969-4C7E-B751-05C177241B34}.Debug|x86.Build.0 = Debug|Any CPU
		{D32BC749-3969-4C7E-B751-05C177241B34}.Release|Any CPU.ActiveCfg = Release|Any CPU
		{D32BC749-3969-4C7E-B751-05C177241B34}.Release|Any CPU.Build.0 = Release|Any CPU
		{D32BC749-3969-4C7E-B751-05C177241B34}.Release|x64.ActiveCfg = Release|Any CPU
		{D32BC749-3969-4C7E-B751-05C177241B34}.Release|x64.Build.0 = Release|Any CPU
		{D32BC749-3969-4C7E-B751-05C177241B34}.Release|x86.ActiveCfg = Release|Any CPU
		{D32BC749-3969-4C7E-B751-05C177241B34}.Release|x86.Build.0 = Release|Any CPU
	EndGlobalSection
	GlobalSection(SolutionProperties) = preSolution
		HideSolutionNode = FALSE
	EndGlobalSection
EndGlobal
