
Microsoft Visual Studio Solution File, Format Version 12.00
Project("{FAE04EC0-301F-11D3-BF4B-00C04F79EFBC}") = "Variables", "Variables\Variables.csproj", "{32B1DF6D-C7E2-469C-B352-655A58B3517B}"
EndProject
Project("{FAE04EC0-301F-11D3-BF4B-00C04F79EFBC}") = "TipoDeDatos", "TipoDeDatos\TipoDeDatos.csproj", "{BBDEE0E3-62B9-4CCA-B461-E05CC96E4007}"
EndProject
Project("{FAE04EC0-301F-11D3-BF4B-00C04F79EFBC}") = "Funciones", "Funciones\Funciones.csproj", "{1F033999-8EDC-4FE0-A4F2-6195BFB67A22}"
EndProject
Global
	GlobalSection(SolutionConfigurationPlatforms) = preSolution
		Debug|Any CPU = Debug|Any CPU
		Release|Any CPU = Release|Any CPU
	EndGlobalSection
	GlobalSection(ProjectConfigurationPlatforms) = postSolution
		{32B1DF6D-C7E2-469C-B352-655A58B3517B}.Debug|Any CPU.ActiveCfg = Debug|Any CPU
		{32B1DF6D-C7E2-469C-B352-655A58B3517B}.Debug|Any CPU.Build.0 = Debug|Any CPU
		{32B1DF6D-C7E2-469C-B352-655A58B3517B}.Release|Any CPU.ActiveCfg = Release|Any CPU
		{32B1DF6D-C7E2-469C-B352-655A58B3517B}.Release|Any CPU.Build.0 = Release|Any CPU
		{BBDEE0E3-62B9-4CCA-B461-E05CC96E4007}.Debug|Any CPU.ActiveCfg = Debug|Any CPU
		{BBDEE0E3-62B9-4CCA-B461-E05CC96E4007}.Debug|Any CPU.Build.0 = Debug|Any CPU
		{BBDEE0E3-62B9-4CCA-B461-E05CC96E4007}.Release|Any CPU.ActiveCfg = Release|Any CPU
		{BBDEE0E3-62B9-4CCA-B461-E05CC96E4007}.Release|Any CPU.Build.0 = Release|Any CPU
		{1F033999-8EDC-4FE0-A4F2-6195BFB67A22}.Debug|Any CPU.ActiveCfg = Debug|Any CPU
		{1F033999-8EDC-4FE0-A4F2-6195BFB67A22}.Debug|Any CPU.Build.0 = Debug|Any CPU
		{1F033999-8EDC-4FE0-A4F2-6195BFB67A22}.Release|Any CPU.ActiveCfg = Release|Any CPU
		{1F033999-8EDC-4FE0-A4F2-6195BFB67A22}.Release|Any CPU.Build.0 = Release|Any CPU
	EndGlobalSection
EndGlobal
