
Microsoft Visual Studio Solution File, Format Version 12.00
Project("{FAE04EC0-301F-11D3-BF4B-00C04F79EFBC}") = "Variables", "Variables\Variables.csproj", "{32B1DF6D-C7E2-469C-B352-655A58B3517B}"
EndProject
Project("{FAE04EC0-301F-11D3-BF4B-00C04F79EFBC}") = "TipoDeDatos", "TipoDeDatos\TipoDeDatos.csproj", "{BBDEE0E3-62B9-4CCA-B461-E05CC96E4007}"
EndProject
Project("{FAE04EC0-301F-11D3-BF4B-00C04F79EFBC}") = "Funciones", "Funciones\Funciones.csproj", "{1F033999-8EDC-4FE0-A4F2-6195BFB67A22}"
EndProject
Project("{FAE04EC0-301F-11D3-BF4B-00C04F79EFBC}") = "SentenciaIfElseIf", "SentenciaIfElseIf\SentenciaIfElseIf.csproj", "{18642DB7-BFE5-4DC9-8930-BD7C27BA44D9}"
EndProject
Project("{FAE04EC0-301F-11D3-BF4B-00C04F79EFBC}") = "SwitchCase", "SwitchCase\SwitchCase.csproj", "{B048F3D4-8A6B-40F5-9360-2B0F1027A40A}"
EndProject
Project("{FAE04EC0-301F-11D3-BF4B-00C04F79EFBC}") = "Arreglos", "Arreglos\Arreglos.csproj", "{E0233B60-9A15-486D-9EA6-19C2660D40ED}"
EndProject
Project("{FAE04EC0-301F-11D3-BF4B-00C04F79EFBC}") = "While", "While\While.csproj", "{D32BC749-3969-4C7E-B751-05C177241B34}"
EndProject
Project("{FAE04EC0-301F-11D3-BF4B-00C04F79EFBC}") = "For", "For\For.csproj", "{D9C2F02E-3917-43EF-82AA-783F44E290CA}"
EndProject
Project("{FAE04EC0-301F-11D3-BF4B-00C04F79EFBC}") = "ClasesYObjetos", "ClasesYObjetos\ClasesYObjetos.csproj", "{C7B0E31E-2B04-467F-A96F-54B172E021C6}"
EndProject
Project("{FAE04EC0-301F-11D3-BF4B-00C04F79EFBC}") = "Propiedades", "Propiedades\Propiedades.csproj", "{9AF722F7-F461-48AE-B3D1-18CD6DD6F06E}"
EndProject
Project("{FAE04EC0-301F-11D3-BF4B-00C04F79EFBC}") = "Herencia", "Herencia\Herencia.csproj", "{682459D3-DD7D-43E7-9F99-B4FBE468B71E}"
EndProject
Project("{FAE04EC0-301F-11D3-BF4B-00C04F79EFBC}") = "Sobrecarga", "Sobrecarga\Sobrecarga.csproj", "{CFE01895-41C3-4E31-BB01-8EA2A6FF44D4}"
EndProject
Project("{FAE04EC0-301F-11D3-BF4B-00C04F79EFBC}") = "Sobreescritura", "Sobreescritura\Sobreescritura.csproj", "{61651775-72CA-4729-87FC-9E0B9C809841}"
EndProject
Project("{FAE04EC0-301F-11D3-BF4B-00C04F79EFBC}") = "Static", "Static\Static.csproj", "{3101779D-C6EE-469E-9EA3-20C00AE3775E}"
EndProject
Project("{FAE04EC0-301F-11D3-BF4B-00C04F79EFBC}") = "Json", "Json\Json.csproj", "{6985130C-0251-4B5F-BCB3-36677DA54819}"
EndProject
Project("{FAE04EC0-301F-11D3-BF4B-00C04F79EFBC}") = "Lists", "Lists\Lists.csproj", "{E2A85B06-3C0C-4696-8892-7EEC28732B08}"
EndProject
Project("{FAE04EC0-301F-11D3-BF4B-00C04F79EFBC}") = "ForEach", "ForEach\ForEach.csproj", "{7B520D08-D03E-4B3B-82FB-ECF0E6ADC1F2}"
EndProject
Global
	GlobalSection(SolutionConfigurationPlatforms) = preSolution
		Debug|Any CPU = Debug|Any CPU
		Debug|x64 = Debug|x64
		Debug|x86 = Debug|x86
		Release|Any CPU = Release|Any CPU
		Release|x64 = Release|x64
		Release|x86 = Release|x86
	EndGlobalSection
	GlobalSection(ProjectConfigurationPlatforms) = postSolution
		{32B1DF6D-C7E2-469C-B352-655A58B3517B}.Debug|Any CPU.ActiveCfg = Debug|Any CPU
		{32B1DF6D-C7E2-469C-B352-655A58B3517B}.Debug|Any CPU.Build.0 = Debug|Any CPU
		{32B1DF6D-C7E2-469C-B352-655A58B3517B}.Debug|x64.ActiveCfg = Debug|Any CPU
		{32B1DF6D-C7E2-469C-B352-655A58B3517B}.Debug|x64.Build.0 = Debug|Any CPU
		{32B1DF6D-C7E2-469C-B352-655A58B3517B}.Debug|x86.ActiveCfg = Debug|Any CPU
		{32B1DF6D-C7E2-469C-B352-655A58B3517B}.Debug|x86.Build.0 = Debug|Any CPU
		{32B1DF6D-C7E2-469C-B352-655A58B3517B}.Release|Any CPU.ActiveCfg = Release|Any CPU
		{32B1DF6D-C7E2-469C-B352-655A58B3517B}.Release|Any CPU.Build.0 = Release|Any CPU
		{32B1DF6D-C7E2-469C-B352-655A58B3517B}.Release|x64.ActiveCfg = Release|Any CPU
		{32B1DF6D-C7E2-469C-B352-655A58B3517B}.Release|x64.Build.0 = Release|Any CPU
		{32B1DF6D-C7E2-469C-B352-655A58B3517B}.Release|x86.ActiveCfg = Release|Any CPU
		{32B1DF6D-C7E2-469C-B352-655A58B3517B}.Release|x86.Build.0 = Release|Any CPU
		{BBDEE0E3-62B9-4CCA-B461-E05CC96E4007}.Debug|Any CPU.ActiveCfg = Debug|Any CPU
		{BBDEE0E3-62B9-4CCA-B461-E05CC96E4007}.Debug|Any CPU.Build.0 = Debug|Any CPU
		{BBDEE0E3-62B9-4CCA-B461-E05CC96E4007}.Debug|x64.ActiveCfg = Debug|Any CPU
		{BBDEE0E3-62B9-4CCA-B461-E05CC96E4007}.Debug|x64.Build.0 = Debug|Any CPU
		{BBDEE0E3-62B9-4CCA-B461-E05CC96E4007}.Debug|x86.ActiveCfg = Debug|Any CPU
		{BBDEE0E3-62B9-4CCA-B461-E05CC96E4007}.Debug|x86.Build.0 = Debug|Any CPU
		{BBDEE0E3-62B9-4CCA-B461-E05CC96E4007}.Release|Any CPU.ActiveCfg = Release|Any CPU
		{BBDEE0E3-62B9-4CCA-B461-E05CC96E4007}.Release|Any CPU.Build.0 = Release|Any CPU
		{BBDEE0E3-62B9-4CCA-B461-E05CC96E4007}.Release|x64.ActiveCfg = Release|Any CPU
		{BBDEE0E3-62B9-4CCA-B461-E05CC96E4007}.Release|x64.Build.0 = Release|Any CPU
		{BBDEE0E3-62B9-4CCA-B461-E05CC96E4007}.Release|x86.ActiveCfg = Release|Any CPU
		{BBDEE0E3-62B9-4CCA-B461-E05CC96E4007}.Release|x86.Build.0 = Release|Any CPU
		{1F033999-8EDC-4FE0-A4F2-6195BFB67A22}.Debug|Any CPU.ActiveCfg = Debug|Any CPU
		{1F033999-8EDC-4FE0-A4F2-6195BFB67A22}.Debug|Any CPU.Build.0 = Debug|Any CPU
		{1F033999-8EDC-4FE0-A4F2-6195BFB67A22}.Debug|x64.ActiveCfg = Debug|Any CPU
		{1F033999-8EDC-4FE0-A4F2-6195BFB67A22}.Debug|x64.Build.0 = Debug|Any CPU
		{1F033999-8EDC-4FE0-A4F2-6195BFB67A22}.Debug|x86.ActiveCfg = Debug|Any CPU
		{1F033999-8EDC-4FE0-A4F2-6195BFB67A22}.Debug|x86.Build.0 = Debug|Any CPU
		{1F033999-8EDC-4FE0-A4F2-6195BFB67A22}.Release|Any CPU.ActiveCfg = Release|Any CPU
		{1F033999-8EDC-4FE0-A4F2-6195BFB67A22}.Release|Any CPU.Build.0 = Release|Any CPU
		{1F033999-8EDC-4FE0-A4F2-6195BFB67A22}.Release|x64.ActiveCfg = Release|Any CPU
		{1F033999-8EDC-4FE0-A4F2-6195BFB67A22}.Release|x64.Build.0 = Release|Any CPU
		{1F033999-8EDC-4FE0-A4F2-6195BFB67A22}.Release|x86.ActiveCfg = Release|Any CPU
		{1F033999-8EDC-4FE0-A4F2-6195BFB67A22}.Release|x86.Build.0 = Release|Any CPU
		{18642DB7-BFE5-4DC9-8930-BD7C27BA44D9}.Debug|Any CPU.ActiveCfg = Debug|Any CPU
		{18642DB7-BFE5-4DC9-8930-BD7C27BA44D9}.Debug|Any CPU.Build.0 = Debug|Any CPU
		{18642DB7-BFE5-4DC9-8930-BD7C27BA44D9}.Debug|x64.ActiveCfg = Debug|Any CPU
		{18642DB7-BFE5-4DC9-8930-BD7C27BA44D9}.Debug|x64.Build.0 = Debug|Any CPU
		{18642DB7-BFE5-4DC9-8930-BD7C27BA44D9}.Debug|x86.ActiveCfg = Debug|Any CPU
		{18642DB7-BFE5-4DC9-8930-BD7C27BA44D9}.Debug|x86.Build.0 = Debug|Any CPU
		{18642DB7-BFE5-4DC9-8930-BD7C27BA44D9}.Release|Any CPU.ActiveCfg = Release|Any CPU
		{18642DB7-BFE5-4DC9-8930-BD7C27BA44D9}.Release|Any CPU.Build.0 = Release|Any CPU
		{18642DB7-BFE5-4DC9-8930-BD7C27BA44D9}.Release|x64.ActiveCfg = Release|Any CPU
		{18642DB7-BFE5-4DC9-8930-BD7C27BA44D9}.Release|x64.Build.0 = Release|Any CPU
		{18642DB7-BFE5-4DC9-8930-BD7C27BA44D9}.Release|x86.ActiveCfg = Release|Any CPU
		{18642DB7-BFE5-4DC9-8930-BD7C27BA44D9}.Release|x86.Build.0 = Release|Any CPU
		{B048F3D4-8A6B-40F5-9360-2B0F1027A40A}.Debug|Any CPU.ActiveCfg = Debug|Any CPU
		{B048F3D4-8A6B-40F5-9360-2B0F1027A40A}.Debug|Any CPU.Build.0 = Debug|Any CPU
		{B048F3D4-8A6B-40F5-9360-2B0F1027A40A}.Debug|x64.ActiveCfg = Debug|Any CPU
		{B048F3D4-8A6B-40F5-9360-2B0F1027A40A}.Debug|x64.Build.0 = Debug|Any CPU
		{B048F3D4-8A6B-40F5-9360-2B0F1027A40A}.Debug|x86.ActiveCfg = Debug|Any CPU
		{B048F3D4-8A6B-40F5-9360-2B0F1027A40A}.Debug|x86.Build.0 = Debug|Any CPU
		{B048F3D4-8A6B-40F5-9360-2B0F1027A40A}.Release|Any CPU.ActiveCfg = Release|Any CPU
		{B048F3D4-8A6B-40F5-9360-2B0F1027A40A}.Release|Any CPU.Build.0 = Release|Any CPU
		{B048F3D4-8A6B-40F5-9360-2B0F1027A40A}.Release|x64.ActiveCfg = Release|Any CPU
		{B048F3D4-8A6B-40F5-9360-2B0F1027A40A}.Release|x64.Build.0 = Release|Any CPU
		{B048F3D4-8A6B-40F5-9360-2B0F1027A40A}.Release|x86.ActiveCfg = Release|Any CPU
		{B048F3D4-8A6B-40F5-9360-2B0F1027A40A}.Release|x86.Build.0 = Release|Any CPU
		{E0233B60-9A15-486D-9EA6-19C2660D40ED}.Debug|Any CPU.ActiveCfg = Debug|Any CPU
		{E0233B60-9A15-486D-9EA6-19C2660D40ED}.Debug|Any CPU.Build.0 = Debug|Any CPU
		{E0233B60-9A15-486D-9EA6-19C2660D40ED}.Debug|x64.ActiveCfg = Debug|Any CPU
		{E0233B60-9A15-486D-9EA6-19C2660D40ED}.Debug|x64.Build.0 = Debug|Any CPU
		{E0233B60-9A15-486D-9EA6-19C2660D40ED}.Debug|x86.ActiveCfg = Debug|Any CPU
		{E0233B60-9A15-486D-9EA6-19C2660D40ED}.Debug|x86.Build.0 = Debug|Any CPU
		{E0233B60-9A15-486D-9EA6-19C2660D40ED}.Release|Any CPU.ActiveCfg = Release|Any CPU
		{E0233B60-9A15-486D-9EA6-19C2660D40ED}.Release|Any CPU.Build.0 = Release|Any CPU
		{E0233B60-9A15-486D-9EA6-19C2660D40ED}.Release|x64.ActiveCfg = Release|Any CPU
		{E0233B60-9A15-486D-9EA6-19C2660D40ED}.Release|x64.Build.0 = Release|Any CPU
		{E0233B60-9A15-486D-9EA6-19C2660D40ED}.Release|x86.ActiveCfg = Release|Any CPU
		{E0233B60-9A15-486D-9EA6-19C2660D40ED}.Release|x86.Build.0 = Release|Any CPU
		{D32BC749-3969-4C7E-B751-05C177241B34}.Debug|Any CPU.ActiveCfg = Debug|Any CPU
		{D32BC749-3969-4C7E-B751-05C177241B34}.Debug|Any CPU.Build.0 = Debug|Any CPU
		{D32BC749-3969-4C7E-B751-05C177241B34}.Debug|x64.ActiveCfg = Debug|Any CPU
		{D32BC749-3969-4C7E-B751-05C177241B34}.Debug|x64.Build.0 = Debug|Any CPU
		{D32BC749-3969-4C7E-B751-05C177241B34}.Debug|x86.ActiveCfg = Debug|Any CPU
		{D32BC749-3969-4C7E-B751-05C177241B34}.Debug|x86.Build.0 = Debug|Any CPU
		{D32BC749-3969-4C7E-B751-05C177241B34}.Release|Any CPU.ActiveCfg = Release|Any CPU
		{D32BC749-3969-4C7E-B751-05C177241B34}.Release|Any CPU.Build.0 = Release|Any CPU
		{D32BC749-3969-4C7E-B751-05C177241B34}.Release|x64.ActiveCfg = Release|Any CPU
		{D32BC749-3969-4C7E-B751-05C177241B34}.Release|x64.Build.0 = Release|Any CPU
		{D32BC749-3969-4C7E-B751-05C177241B34}.Release|x86.ActiveCfg = Release|Any CPU
		{D32BC749-3969-4C7E-B751-05C177241B34}.Release|x86.Build.0 = Release|Any CPU
		{D9C2F02E-3917-43EF-82AA-783F44E290CA}.Debug|Any CPU.ActiveCfg = Debug|Any CPU
		{D9C2F02E-3917-43EF-82AA-783F44E290CA}.Debug|Any CPU.Build.0 = Debug|Any CPU
		{D9C2F02E-3917-43EF-82AA-783F44E290CA}.Debug|x64.ActiveCfg = Debug|Any CPU
		{D9C2F02E-3917-43EF-82AA-783F44E290CA}.Debug|x64.Build.0 = Debug|Any CPU
		{D9C2F02E-3917-43EF-82AA-783F44E290CA}.Debug|x86.ActiveCfg = Debug|Any CPU
		{D9C2F02E-3917-43EF-82AA-783F44E290CA}.Debug|x86.Build.0 = Debug|Any CPU
		{D9C2F02E-3917-43EF-82AA-783F44E290CA}.Release|Any CPU.ActiveCfg = Release|Any CPU
		{D9C2F02E-3917-43EF-82AA-783F44E290CA}.Release|Any CPU.Build.0 = Release|Any CPU
		{D9C2F02E-3917-43EF-82AA-783F44E290CA}.Release|x64.ActiveCfg = Release|Any CPU
		{D9C2F02E-3917-43EF-82AA-783F44E290CA}.Release|x64.Build.0 = Release|Any CPU
		{D9C2F02E-3917-43EF-82AA-783F44E290CA}.Release|x86.ActiveCfg = Release|Any CPU
		{D9C2F02E-3917-43EF-82AA-783F44E290CA}.Release|x86.Build.0 = Release|Any CPU
		{C7B0E31E-2B04-467F-A96F-54B172E021C6}.Debug|Any CPU.ActiveCfg = Debug|Any CPU
		{C7B0E31E-2B04-467F-A96F-54B172E021C6}.Debug|Any CPU.Build.0 = Debug|Any CPU
		{C7B0E31E-2B04-467F-A96F-54B172E021C6}.Debug|x64.ActiveCfg = Debug|Any CPU
		{C7B0E31E-2B04-467F-A96F-54B172E021C6}.Debug|x64.Build.0 = Debug|Any CPU
		{C7B0E31E-2B04-467F-A96F-54B172E021C6}.Debug|x86.ActiveCfg = Debug|Any CPU
		{C7B0E31E-2B04-467F-A96F-54B172E021C6}.Debug|x86.Build.0 = Debug|Any CPU
		{C7B0E31E-2B04-467F-A96F-54B172E021C6}.Release|Any CPU.ActiveCfg = Release|Any CPU
		{C7B0E31E-2B04-467F-A96F-54B172E021C6}.Release|Any CPU.Build.0 = Release|Any CPU
		{C7B0E31E-2B04-467F-A96F-54B172E021C6}.Release|x64.ActiveCfg = Release|Any CPU
		{C7B0E31E-2B04-467F-A96F-54B172E021C6}.Release|x64.Build.0 = Release|Any CPU
		{C7B0E31E-2B04-467F-A96F-54B172E021C6}.Release|x86.ActiveCfg = Release|Any CPU
		{C7B0E31E-2B04-467F-A96F-54B172E021C6}.Release|x86.Build.0 = Release|Any CPU
		{9AF722F7-F461-48AE-B3D1-18CD6DD6F06E}.Debug|Any CPU.ActiveCfg = Debug|Any CPU
		{9AF722F7-F461-48AE-B3D1-18CD6DD6F06E}.Debug|Any CPU.Build.0 = Debug|Any CPU
		{9AF722F7-F461-48AE-B3D1-18CD6DD6F06E}.Debug|x64.ActiveCfg = Debug|Any CPU
		{9AF722F7-F461-48AE-B3D1-18CD6DD6F06E}.Debug|x64.Build.0 = Debug|Any CPU
		{9AF722F7-F461-48AE-B3D1-18CD6DD6F06E}.Debug|x86.ActiveCfg = Debug|Any CPU
		{9AF722F7-F461-48AE-B3D1-18CD6DD6F06E}.Debug|x86.Build.0 = Debug|Any CPU
		{9AF722F7-F461-48AE-B3D1-18CD6DD6F06E}.Release|Any CPU.ActiveCfg = Release|Any CPU
		{9AF722F7-F461-48AE-B3D1-18CD6DD6F06E}.Release|Any CPU.Build.0 = Release|Any CPU
		{9AF722F7-F461-48AE-B3D1-18CD6DD6F06E}.Release|x64.ActiveCfg = Release|Any CPU
		{9AF722F7-F461-48AE-B3D1-18CD6DD6F06E}.Release|x64.Build.0 = Release|Any CPU
		{9AF722F7-F461-48AE-B3D1-18CD6DD6F06E}.Release|x86.ActiveCfg = Release|Any CPU
		{9AF722F7-F461-48AE-B3D1-18CD6DD6F06E}.Release|x86.Build.0 = Release|Any CPU
		{682459D3-DD7D-43E7-9F99-B4FBE468B71E}.Debug|Any CPU.ActiveCfg = Debug|Any CPU
		{682459D3-DD7D-43E7-9F99-B4FBE468B71E}.Debug|Any CPU.Build.0 = Debug|Any CPU
		{682459D3-DD7D-43E7-9F99-B4FBE468B71E}.Debug|x64.ActiveCfg = Debug|Any CPU
		{682459D3-DD7D-43E7-9F99-B4FBE468B71E}.Debug|x64.Build.0 = Debug|Any CPU
		{682459D3-DD7D-43E7-9F99-B4FBE468B71E}.Debug|x86.ActiveCfg = Debug|Any CPU
		{682459D3-DD7D-43E7-9F99-B4FBE468B71E}.Debug|x86.Build.0 = Debug|Any CPU
		{682459D3-DD7D-43E7-9F99-B4FBE468B71E}.Release|Any CPU.ActiveCfg = Release|Any CPU
		{682459D3-DD7D-43E7-9F99-B4FBE468B71E}.Release|Any CPU.Build.0 = Release|Any CPU
		{682459D3-DD7D-43E7-9F99-B4FBE468B71E}.Release|x64.ActiveCfg = Release|Any CPU
		{682459D3-DD7D-43E7-9F99-B4FBE468B71E}.Release|x64.Build.0 = Release|Any CPU
		{682459D3-DD7D-43E7-9F99-B4FBE468B71E}.Release|x86.ActiveCfg = Release|Any CPU
		{682459D3-DD7D-43E7-9F99-B4FBE468B71E}.Release|x86.Build.0 = Release|Any CPU
		{CFE01895-41C3-4E31-BB01-8EA2A6FF44D4}.Debug|Any CPU.ActiveCfg = Debug|Any CPU
		{CFE01895-41C3-4E31-BB01-8EA2A6FF44D4}.Debug|Any CPU.Build.0 = Debug|Any CPU
		{CFE01895-41C3-4E31-BB01-8EA2A6FF44D4}.Debug|x64.ActiveCfg = Debug|Any CPU
		{CFE01895-41C3-4E31-BB01-8EA2A6FF44D4}.Debug|x64.Build.0 = Debug|Any CPU
		{CFE01895-41C3-4E31-BB01-8EA2A6FF44D4}.Debug|x86.ActiveCfg = Debug|Any CPU
		{CFE01895-41C3-4E31-BB01-8EA2A6FF44D4}.Debug|x86.Build.0 = Debug|Any CPU
		{CFE01895-41C3-4E31-BB01-8EA2A6FF44D4}.Release|Any CPU.ActiveCfg = Release|Any CPU
		{CFE01895-41C3-4E31-BB01-8EA2A6FF44D4}.Release|Any CPU.Build.0 = Release|Any CPU
		{CFE01895-41C3-4E31-BB01-8EA2A6FF44D4}.Release|x64.ActiveCfg = Release|Any CPU
		{CFE01895-41C3-4E31-BB01-8EA2A6FF44D4}.Release|x64.Build.0 = Release|Any CPU
		{CFE01895-41C3-4E31-BB01-8EA2A6FF44D4}.Release|x86.ActiveCfg = Release|Any CPU
		{CFE01895-41C3-4E31-BB01-8EA2A6FF44D4}.Release|x86.Build.0 = Release|Any CPU
		{61651775-72CA-4729-87FC-9E0B9C809841}.Debug|Any CPU.ActiveCfg = Debug|Any CPU
		{61651775-72CA-4729-87FC-9E0B9C809841}.Debug|Any CPU.Build.0 = Debug|Any CPU
		{61651775-72CA-4729-87FC-9E0B9C809841}.Debug|x64.ActiveCfg = Debug|Any CPU
		{61651775-72CA-4729-87FC-9E0B9C809841}.Debug|x64.Build.0 = Debug|Any CPU
		{61651775-72CA-4729-87FC-9E0B9C809841}.Debug|x86.ActiveCfg = Debug|Any CPU
		{61651775-72CA-4729-87FC-9E0B9C809841}.Debug|x86.Build.0 = Debug|Any CPU
		{61651775-72CA-4729-87FC-9E0B9C809841}.Release|Any CPU.ActiveCfg = Release|Any CPU
		{61651775-72CA-4729-87FC-9E0B9C809841}.Release|Any CPU.Build.0 = Release|Any CPU
		{61651775-72CA-4729-87FC-9E0B9C809841}.Release|x64.ActiveCfg = Release|Any CPU
		{61651775-72CA-4729-87FC-9E0B9C809841}.Release|x64.Build.0 = Release|Any CPU
		{61651775-72CA-4729-87FC-9E0B9C809841}.Release|x86.ActiveCfg = Release|Any CPU
		{61651775-72CA-4729-87FC-9E0B9C809841}.Release|x86.Build.0 = Release|Any CPU
		{3101779D-C6EE-469E-9EA3-20C00AE3775E}.Debug|Any CPU.ActiveCfg = Debug|Any CPU
		{3101779D-C6EE-469E-9EA3-20C00AE3775E}.Debug|Any CPU.Build.0 = Debug|Any CPU
		{3101779D-C6EE-469E-9EA3-20C00AE3775E}.Debug|x64.ActiveCfg = Debug|Any CPU
		{3101779D-C6EE-469E-9EA3-20C00AE3775E}.Debug|x64.Build.0 = Debug|Any CPU
		{3101779D-C6EE-469E-9EA3-20C00AE3775E}.Debug|x86.ActiveCfg = Debug|Any CPU
		{3101779D-C6EE-469E-9EA3-20C00AE3775E}.Debug|x86.Build.0 = Debug|Any CPU
		{3101779D-C6EE-469E-9EA3-20C00AE3775E}.Release|Any CPU.ActiveCfg = Release|Any CPU
		{3101779D-C6EE-469E-9EA3-20C00AE3775E}.Release|Any CPU.Build.0 = Release|Any CPU
		{3101779D-C6EE-469E-9EA3-20C00AE3775E}.Release|x64.ActiveCfg = Release|Any CPU
		{3101779D-C6EE-469E-9EA3-20C00AE3775E}.Release|x64.Build.0 = Release|Any CPU
		{3101779D-C6EE-469E-9EA3-20C00AE3775E}.Release|x86.ActiveCfg = Release|Any CPU
		{3101779D-C6EE-469E-9EA3-20C00AE3775E}.Release|x86.Build.0 = Release|Any CPU
		{6985130C-0251-4B5F-BCB3-36677DA54819}.Debug|Any CPU.ActiveCfg = Debug|Any CPU
		{6985130C-0251-4B5F-BCB3-36677DA54819}.Debug|Any CPU.Build.0 = Debug|Any CPU
		{6985130C-0251-4B5F-BCB3-36677DA54819}.Debug|x64.ActiveCfg = Debug|Any CPU
		{6985130C-0251-4B5F-BCB3-36677DA54819}.Debug|x64.Build.0 = Debug|Any CPU
		{6985130C-0251-4B5F-BCB3-36677DA54819}.Debug|x86.ActiveCfg = Debug|Any CPU
		{6985130C-0251-4B5F-BCB3-36677DA54819}.Debug|x86.Build.0 = Debug|Any CPU
		{6985130C-0251-4B5F-BCB3-36677DA54819}.Release|Any CPU.ActiveCfg = Release|Any CPU
		{6985130C-0251-4B5F-BCB3-36677DA54819}.Release|Any CPU.Build.0 = Release|Any CPU
		{6985130C-0251-4B5F-BCB3-36677DA54819}.Release|x64.ActiveCfg = Release|Any CPU
		{6985130C-0251-4B5F-BCB3-36677DA54819}.Release|x64.Build.0 = Release|Any CPU
		{6985130C-0251-4B5F-BCB3-36677DA54819}.Release|x86.ActiveCfg = Release|Any CPU
		{6985130C-0251-4B5F-BCB3-36677DA54819}.Release|x86.Build.0 = Release|Any CPU
		{E2A85B06-3C0C-4696-8892-7EEC28732B08}.Debug|Any CPU.ActiveCfg = Debug|Any CPU
		{E2A85B06-3C0C-4696-8892-7EEC28732B08}.Debug|Any CPU.Build.0 = Debug|Any CPU
		{E2A85B06-3C0C-4696-8892-7EEC28732B08}.Debug|x64.ActiveCfg = Debug|Any CPU
		{E2A85B06-3C0C-4696-8892-7EEC28732B08}.Debug|x64.Build.0 = Debug|Any CPU
		{E2A85B06-3C0C-4696-8892-7EEC28732B08}.Debug|x86.ActiveCfg = Debug|Any CPU
		{E2A85B06-3C0C-4696-8892-7EEC28732B08}.Debug|x86.Build.0 = Debug|Any CPU
		{E2A85B06-3C0C-4696-8892-7EEC28732B08}.Release|Any CPU.ActiveCfg = Release|Any CPU
		{E2A85B06-3C0C-4696-8892-7EEC28732B08}.Release|Any CPU.Build.0 = Release|Any CPU
		{E2A85B06-3C0C-4696-8892-7EEC28732B08}.Release|x64.ActiveCfg = Release|Any CPU
		{E2A85B06-3C0C-4696-8892-7EEC28732B08}.Release|x64.Build.0 = Release|Any CPU
		{E2A85B06-3C0C-4696-8892-7EEC28732B08}.Release|x86.ActiveCfg = Release|Any CPU
		{E2A85B06-3C0C-4696-8892-7EEC28732B08}.Release|x86.Build.0 = Release|Any CPU
		{7B520D08-D03E-4B3B-82FB-ECF0E6ADC1F2}.Debug|Any CPU.ActiveCfg = Debug|Any CPU
		{7B520D08-D03E-4B3B-82FB-ECF0E6ADC1F2}.Debug|Any CPU.Build.0 = Debug|Any CPU
		{7B520D08-D03E-4B3B-82FB-ECF0E6ADC1F2}.Debug|x64.ActiveCfg = Debug|Any CPU
		{7B520D08-D03E-4B3B-82FB-ECF0E6ADC1F2}.Debug|x64.Build.0 = Debug|Any CPU
		{7B520D08-D03E-4B3B-82FB-ECF0E6ADC1F2}.Debug|x86.ActiveCfg = Debug|Any CPU
		{7B520D08-D03E-4B3B-82FB-ECF0E6ADC1F2}.Debug|x86.Build.0 = Debug|Any CPU
		{7B520D08-D03E-4B3B-82FB-ECF0E6ADC1F2}.Release|Any CPU.ActiveCfg = Release|Any CPU
		{7B520D08-D03E-4B3B-82FB-ECF0E6ADC1F2}.Release|Any CPU.Build.0 = Release|Any CPU
		{7B520D08-D03E-4B3B-82FB-ECF0E6ADC1F2}.Release|x64.ActiveCfg = Release|Any CPU
		{7B520D08-D03E-4B3B-82FB-ECF0E6ADC1F2}.Release|x64.Build.0 = Release|Any CPU
		{7B520D08-D03E-4B3B-82FB-ECF0E6ADC1F2}.Release|x86.ActiveCfg = Release|Any CPU
		{7B520D08-D03E-4B3B-82FB-ECF0E6ADC1F2}.Release|x86.Build.0 = Release|Any CPU
	EndGlobalSection
	GlobalSection(SolutionProperties) = preSolution
		HideSolutionNode = FALSE
	EndGlobalSection
EndGlobal
